
Microsoft Visual Studio Solution File, Format Version 12.00
# Visual Studio Version 17
VisualStudioVersion = 17.0.31903.59
MinimumVisualStudioVersion = 10.0.40219.1
Project("{FAE04EC0-301F-11D3-BF4B-00C04F79EFBC}") = "TestcontainersPlayground", "TestcontainersPlayground\TestcontainersPlayground.csproj", "{88CD4285-43CD-473B-A09A-AE1E11B52E7A}"
EndProject
Project("{FAE04EC0-301F-11D3-BF4B-00C04F79EFBC}") = "SampleStuff.ToTest", "SampleStuff.ToTest\SampleStuff.ToTest.csproj", "{6D013BF7-31AB-44FC-8977-62417AB179B6}"
EndProject
Project("{2150E333-8FDC-42A3-9474-1A3956D46DE8}") = "_", "_", "{6C32994A-D4B9-40E8-98EF-42282C92D117}"
	ProjectSection(SolutionItems) = preProject
		README.md = README.md
	EndProjectSection
EndProject
Global
	GlobalSection(SolutionConfigurationPlatforms) = preSolution
		Debug|Any CPU = Debug|Any CPU
		Release|Any CPU = Release|Any CPU
	EndGlobalSection
	GlobalSection(ProjectConfigurationPlatforms) = postSolution
		{88CD4285-43CD-473B-A09A-AE1E11B52E7A}.Debug|Any CPU.ActiveCfg = Debug|Any CPU
		{88CD4285-43CD-473B-A09A-AE1E11B52E7A}.Debug|Any CPU.Build.0 = Debug|Any CPU
		{88CD4285-43CD-473B-A09A-AE1E11B52E7A}.Release|Any CPU.ActiveCfg = Release|Any CPU
		{88CD4285-43CD-473B-A09A-AE1E11B52E7A}.Release|Any CPU.Build.0 = Release|Any CPU
		{6D013BF7-31AB-44FC-8977-62417AB179B6}.Debug|Any CPU.ActiveCfg = Debug|Any CPU
		{6D013BF7-31AB-44FC-8977-62417AB179B6}.Debug|Any CPU.Build.0 = Debug|Any CPU
		{6D013BF7-31AB-44FC-8977-62417AB179B6}.Release|Any CPU.ActiveCfg = Release|Any CPU
		{6D013BF7-31AB-44FC-8977-62417AB179B6}.Release|Any CPU.Build.0 = Release|Any CPU
	EndGlobalSection
	GlobalSection(SolutionProperties) = preSolution
		HideSolutionNode = FALSE
	EndGlobalSection
EndGlobal
