
Microsoft Visual Studio Solution File, Format Version 12.00
# Visual Studio Version 17
VisualStudioVersion = 17.8.34112.27
MinimumVisualStudioVersion = 10.0.40219.1
Project("{FAE04EC0-301F-11D3-BF4B-00C04F79EFBC}") = "WebApiAad", "WebApiAad.csproj", "{B34053A1-A0A1-43BC-B158-04DAE1EDFDF5}"
EndProject
Global
	GlobalSection(SolutionConfigurationPlatforms) = preSolution
		Debug|Any CPU = Debug|Any CPU
		Release|Any CPU = Release|Any CPU
	EndGlobalSection
	GlobalSection(ProjectConfigurationPlatforms) = postSolution
		{B34053A1-A0A1-43BC-B158-04DAE1EDFDF5}.Debug|Any CPU.ActiveCfg = Debug|Any CPU
		{B34053A1-A0A1-43BC-B158-04DAE1EDFDF5}.Debug|Any CPU.Build.0 = Debug|Any CPU
		{B34053A1-A0A1-43BC-B158-04DAE1EDFDF5}.Release|Any CPU.ActiveCfg = Release|Any CPU
		{B34053A1-A0A1-43BC-B158-04DAE1EDFDF5}.Release|Any CPU.Build.0 = Release|Any CPU
	EndGlobalSection
	GlobalSection(SolutionProperties) = preSolution
		HideSolutionNode = FALSE
	EndGlobalSection
	GlobalSection(ExtensibilityGlobals) = postSolution
		SolutionGuid = {BCDBA300-0FAC-4C8A-9647-E51C15AA97C6}
	EndGlobalSection
EndGlobal
