
Microsoft Visual Studio Solution File, Format Version 12.00
# Visual Studio Version 17
VisualStudioVersion = 17.8.34004.107
MinimumVisualStudioVersion = 10.0.40219.1
Project("{FAE04EC0-301F-11D3-BF4B-00C04F79EFBC}") = "SdkDI", "SdkDI.csproj", "{3C26E216-2AE3-4A2A-AB9E-28952A5727F2}"
EndProject
Global
	GlobalSection(SolutionConfigurationPlatforms) = preSolution
		Debug|Any CPU = Debug|Any CPU
		Release|Any CPU = Release|Any CPU
	EndGlobalSection
	GlobalSection(ProjectConfigurationPlatforms) = postSolution
		{3C26E216-2AE3-4A2A-AB9E-28952A5727F2}.Debug|Any CPU.ActiveCfg = Debug|Any CPU
		{3C26E216-2AE3-4A2A-AB9E-28952A5727F2}.Debug|Any CPU.Build.0 = Debug|Any CPU
		{3C26E216-2AE3-4A2A-AB9E-28952A5727F2}.Release|Any CPU.ActiveCfg = Release|Any CPU
		{3C26E216-2AE3-4A2A-AB9E-28952A5727F2}.Release|Any CPU.Build.0 = Release|Any CPU
	EndGlobalSection
	GlobalSection(SolutionProperties) = preSolution
		HideSolutionNode = FALSE
	EndGlobalSection
	GlobalSection(ExtensibilityGlobals) = postSolution
		SolutionGuid = {BE9A6D29-4F62-4E09-B78C-4CB645E8B569}
	EndGlobalSection
EndGlobal
